// !$*UTF8*$!
{
	archiveVersion = 1;
	classes = {
	};
	objectVersion = 50;
	objects = {

/* Begin PBXBuildFile section */
		A4591B77249F365A00FB8B3A /* AppDelegate.swift in Sources */ = {isa = PBXBuildFile; fileRef = A4591B76249F365A00FB8B3A /* AppDelegate.swift */; };
		A4591B79249F365A00FB8B3A /* SceneDelegate.swift in Sources */ = {isa = PBXBuildFile; fileRef = A4591B78249F365A00FB8B3A /* SceneDelegate.swift */; };
		A4591B7B249F365A00FB8B3A /* ViewController.swift in Sources */ = {isa = PBXBuildFile; fileRef = A4591B7A249F365A00FB8B3A /* ViewController.swift */; };
		A4591B7E249F365A00FB8B3A /* Main.storyboard in Resources */ = {isa = PBXBuildFile; fileRef = A4591B7C249F365A00FB8B3A /* Main.storyboard */; };
		A4591B80249F365D00FB8B3A /* Assets.xcassets in Resources */ = {isa = PBXBuildFile; fileRef = A4591B7F249F365D00FB8B3A /* Assets.xcassets */; };
		A4591B83249F365D00FB8B3A /* LaunchScreen.storyboard in Resources */ = {isa = PBXBuildFile; fileRef = A4591B81249F365D00FB8B3A /* LaunchScreen.storyboard */; };
		A4591B8E249F365D00FB8B3A /* MVPEasySampleTests.swift in Sources */ = {isa = PBXBuildFile; fileRef = A4591B8D249F365D00FB8B3A /* MVPEasySampleTests.swift */; };
		A4591B99249F365D00FB8B3A /* MVPEasySampleUITests.swift in Sources */ = {isa = PBXBuildFile; fileRef = A4591B98249F365D00FB8B3A /* MVPEasySampleUITests.swift */; };
/* End PBXBuildFile section */

/* Begin PBXContainerItemProxy section */
		A4591B8A249F365D00FB8B3A /* PBXContainerItemProxy */ = {
			isa = PBXContainerItemProxy;
			containerPortal = A4591B6B249F365A00FB8B3A /* Project object */;
			proxyType = 1;
			remoteGlobalIDString = A4591B72249F365A00FB8B3A;
			remoteInfo = MVPEasySample;
		};
		A4591B95249F365D00FB8B3A /* PBXContainerItemProxy */ = {
			isa = PBXContainerItemProxy;
			containerPortal = A4591B6B249F365A00FB8B3A /* Project object */;
			proxyType = 1;
			remoteGlobalIDString = A4591B72249F365A00FB8B3A;
			remoteInfo = MVPEasySample;
		};
/* End PBXContainerItemProxy section */

/* Begin PBXFileReference section */
		A4591B73249F365A00FB8B3A /* MVPEasySample.app */ = {isa = PBXFileReference; explicitFileType = wrapper.application; includeInIndex = 0; path = MVPEasySample.app; sourceTree = BUILT_PRODUCTS_DIR; };
		A4591B76249F365A00FB8B3A /* AppDelegate.swift */ = {isa = PBXFileReference; lastKnownFileType = sourcecode.swift; path = AppDelegate.swift; sourceTree = "<group>"; };
		A4591B78249F365A00FB8B3A /* SceneDelegate.swift */ = {isa = PBXFileReference; lastKnownFileType = sourcecode.swift; path = SceneDelegate.swift; sourceTree = "<group>"; };
		A4591B7A249F365A00FB8B3A /* ViewController.swift */ = {isa = PBXFileReference; lastKnownFileType = sourcecode.swift; path = ViewController.swift; sourceTree = "<group>"; };
		A4591B7D249F365A00FB8B3A /* Base */ = {isa = PBXFileReference; lastKnownFileType = file.storyboard; name = Base; path = Base.lproj/Main.storyboard; sourceTree = "<group>"; };
		A4591B7F249F365D00FB8B3A /* Assets.xcassets */ = {isa = PBXFileReference; lastKnownFileType = folder.assetcatalog; path = Assets.xcassets; sourceTree = "<group>"; };
		A4591B82249F365D00FB8B3A /* Base */ = {isa = PBXFileReference; lastKnownFileType = file.storyboard; name = Base; path = Base.lproj/LaunchScreen.storyboard; sourceTree = "<group>"; };
		A4591B84249F365D00FB8B3A /* Info.plist */ = {isa = PBXFileReference; lastKnownFileType = text.plist.xml; path = Info.plist; sourceTree = "<group>"; };
		A4591B89249F365D00FB8B3A /* MVPEasySampleTests.xctest */ = {isa = PBXFileReference; explicitFileType = wrapper.cfbundle; includeInIndex = 0; path = MVPEasySampleTests.xctest; sourceTree = BUILT_PRODUCTS_DIR; };
		A4591B8D249F365D00FB8B3A /* MVPEasySampleTests.swift */ = {isa = PBXFileReference; lastKnownFileType = sourcecode.swift; path = MVPEasySampleTests.swift; sourceTree = "<group>"; };
		A4591B8F249F365D00FB8B3A /* Info.plist */ = {isa = PBXFileReference; lastKnownFileType = text.plist.xml; path = Info.plist; sourceTree = "<group>"; };
		A4591B94249F365D00FB8B3A /* MVPEasySampleUITests.xctest */ = {isa = PBXFileReference; explicitFileType = wrapper.cfbundle; includeInIndex = 0; path = MVPEasySampleUITests.xctest; sourceTree = BUILT_PRODUCTS_DIR; };
		A4591B98249F365D00FB8B3A /* MVPEasySampleUITests.swift */ = {isa = PBXFileReference; lastKnownFileType = sourcecode.swift; path = MVPEasySampleUITests.swift; sourceTree = "<group>"; };
		A4591B9A249F365D00FB8B3A /* Info.plist */ = {isa = PBXFileReference; lastKnownFileType = text.plist.xml; path = Info.plist; sourceTree = "<group>"; };
/* End PBXFileReference section */

/* Begin PBXFrameworksBuildPhase section */
		A4591B70249F365A00FB8B3A /* Frameworks */ = {
			isa = PBXFrameworksBuildPhase;
			buildActionMask = 2147483647;
			files = (
			);
			runOnlyForDeploymentPostprocessing = 0;
		};
		A4591B86249F365D00FB8B3A /* Frameworks */ = {
			isa = PBXFrameworksBuildPhase;
			buildActionMask = 2147483647;
			files = (
			);
			runOnlyForDeploymentPostprocessing = 0;
		};
		A4591B91249F365D00FB8B3A /* Frameworks */ = {
			isa = PBXFrameworksBuildPhase;
			buildActionMask = 2147483647;
			files = (
			);
			runOnlyForDeploymentPostprocessing = 0;
		};
/* End PBXFrameworksBuildPhase section */

/* Begin PBXGroup section */
		A4591B6A249F365A00FB8B3A = {
			isa = PBXGroup;
			children = (
				A4591B75249F365A00FB8B3A /* MVPEasySample */,
				A4591B8C249F365D00FB8B3A /* MVPEasySampleTests */,
				A4591B97249F365D00FB8B3A /* MVPEasySampleUITests */,
				A4591B74249F365A00FB8B3A /* Products */,
			);
			sourceTree = "<group>";
		};
		A4591B74249F365A00FB8B3A /* Products */ = {
			isa = PBXGroup;
			children = (
				A4591B73249F365A00FB8B3A /* MVPEasySample.app */,
				A4591B89249F365D00FB8B3A /* MVPEasySampleTests.xctest */,
				A4591B94249F365D00FB8B3A /* MVPEasySampleUITests.xctest */,
			);
			name = Products;
			sourceTree = "<group>";
		};
		A4591B75249F365A00FB8B3A /* MVPEasySample */ = {
			isa = PBXGroup;
			children = (
				A4591B76249F365A00FB8B3A /* AppDelegate.swift */,
				A4591B78249F365A00FB8B3A /* SceneDelegate.swift */,
				A4591B7A249F365A00FB8B3A /* ViewController.swift */,
				A4591B7C249F365A00FB8B3A /* Main.storyboard */,
				A4591B7F249F365D00FB8B3A /* Assets.xcassets */,
				A4591B81249F365D00FB8B3A /* LaunchScreen.storyboard */,
				A4591B84249F365D00FB8B3A /* Info.plist */,
			);
			path = MVPEasySample;
			sourceTree = "<group>";
		};
		A4591B8C249F365D00FB8B3A /* MVPEasySampleTests */ = {
			isa = PBXGroup;
			children = (
				A4591B8D249F365D00FB8B3A /* MVPEasySampleTests.swift */,
				A4591B8F249F365D00FB8B3A /* Info.plist */,
			);
			path = MVPEasySampleTests;
			sourceTree = "<group>";
		};
		A4591B97249F365D00FB8B3A /* MVPEasySampleUITests */ = {
			isa = PBXGroup;
			children = (
				A4591B98249F365D00FB8B3A /* MVPEasySampleUITests.swift */,
				A4591B9A249F365D00FB8B3A /* Info.plist */,
			);
			path = MVPEasySampleUITests;
			sourceTree = "<group>";
		};
/* End PBXGroup section */

/* Begin PBXNativeTarget section */
		A4591B72249F365A00FB8B3A /* MVPEasySample */ = {
			isa = PBXNativeTarget;
			buildConfigurationList = A4591B9D249F365D00FB8B3A /* Build configuration list for PBXNativeTarget "MVPEasySample" */;
			buildPhases = (
				A4591B6F249F365A00FB8B3A /* Sources */,
				A4591B70249F365A00FB8B3A /* Frameworks */,
				A4591B71249F365A00FB8B3A /* Resources */,
			);
			buildRules = (
			);
			dependencies = (
			);
			name = MVPEasySample;
			productName = MVPEasySample;
			productReference = A4591B73249F365A00FB8B3A /* MVPEasySample.app */;
			productType = "com.apple.product-type.application";
		};
		A4591B88249F365D00FB8B3A /* MVPEasySampleTests */ = {
			isa = PBXNativeTarget;
			buildConfigurationList = A4591BA0249F365D00FB8B3A /* Build configuration list for PBXNativeTarget "MVPEasySampleTests" */;
			buildPhases = (
				A4591B85249F365D00FB8B3A /* Sources */,
				A4591B86249F365D00FB8B3A /* Frameworks */,
				A4591B87249F365D00FB8B3A /* Resources */,
			);
			buildRules = (
			);
			dependencies = (
				A4591B8B249F365D00FB8B3A /* PBXTargetDependency */,
			);
			name = MVPEasySampleTests;
			productName = MVPEasySampleTests;
			productReference = A4591B89249F365D00FB8B3A /* MVPEasySampleTests.xctest */;
			productType = "com.apple.product-type.bundle.unit-test";
		};
		A4591B93249F365D00FB8B3A /* MVPEasySampleUITests */ = {
			isa = PBXNativeTarget;
			buildConfigurationList = A4591BA3249F365D00FB8B3A /* Build configuration list for PBXNativeTarget "MVPEasySampleUITests" */;
			buildPhases = (
				A4591B90249F365D00FB8B3A /* Sources */,
				A4591B91249F365D00FB8B3A /* Frameworks */,
				A4591B92249F365D00FB8B3A /* Resources */,
			);
			buildRules = (
			);
			dependencies = (
				A4591B96249F365D00FB8B3A /* PBXTargetDependency */,
			);
			name = MVPEasySampleUITests;
			productName = MVPEasySampleUITests;
			productReference = A4591B94249F365D00FB8B3A /* MVPEasySampleUITests.xctest */;
			productType = "com.apple.product-type.bundle.ui-testing";
		};
/* End PBXNativeTarget section */

/* Begin PBXProject section */
		A4591B6B249F365A00FB8B3A /* Project object */ = {
			isa = PBXProject;
			attributes = {
				LastSwiftUpdateCheck = 1120;
				LastUpgradeCheck = 1120;
				ORGANIZATIONNAME = "入江真礼";
				TargetAttributes = {
					A4591B72249F365A00FB8B3A = {
						CreatedOnToolsVersion = 11.2.1;
					};
					A4591B88249F365D00FB8B3A = {
						CreatedOnToolsVersion = 11.2.1;
						TestTargetID = A4591B72249F365A00FB8B3A;
					};
					A4591B93249F365D00FB8B3A = {
						CreatedOnToolsVersion = 11.2.1;
						TestTargetID = A4591B72249F365A00FB8B3A;
					};
				};
			};
			buildConfigurationList = A4591B6E249F365A00FB8B3A /* Build configuration list for PBXProject "MVPEasySample" */;
			compatibilityVersion = "Xcode 9.3";
			developmentRegion = en;
			hasScannedForEncodings = 0;
			knownRegions = (
				en,
				Base,
			);
			mainGroup = A4591B6A249F365A00FB8B3A;
			productRefGroup = A4591B74249F365A00FB8B3A /* Products */;
			projectDirPath = "";
			projectRoot = "";
			targets = (
				A4591B72249F365A00FB8B3A /* MVPEasySample */,
				A4591B88249F365D00FB8B3A /* MVPEasySampleTests */,
				A4591B93249F365D00FB8B3A /* MVPEasySampleUITests */,
			);
		};
/* End PBXProject section */

/* Begin PBXResourcesBuildPhase section */
		A4591B71249F365A00FB8B3A /* Resources */ = {
			isa = PBXResourcesBuildPhase;
			buildActionMask = 2147483647;
			files = (
				A4591B83249F365D00FB8B3A /* LaunchScreen.storyboard in Resources */,
				A4591B80249F365D00FB8B3A /* Assets.xcassets in Resources */,
				A4591B7E249F365A00FB8B3A /* Main.storyboard in Resources */,
			);
			runOnlyForDeploymentPostprocessing = 0;
		};
		A4591B87249F365D00FB8B3A /* Resources */ = {
			isa = PBXResourcesBuildPhase;
			buildActionMask = 2147483647;
			files = (
			);
			runOnlyForDeploymentPostprocessing = 0;
		};
		A4591B92249F365D00FB8B3A /* Resources */ = {
			isa = PBXResourcesBuildPhase;
			buildActionMask = 2147483647;
			files = (
			);
			runOnlyForDeploymentPostprocessing = 0;
		};
/* End PBXResourcesBuildPhase section */

/* Begin PBXSourcesBuildPhase section */
		A4591B6F249F365A00FB8B3A /* Sources */ = {
			isa = PBXSourcesBuildPhase;
			buildActionMask = 2147483647;
			files = (
				A4591B7B249F365A00FB8B3A /* ViewController.swift in Sources */,
				A4591B77249F365A00FB8B3A /* AppDelegate.swift in Sources */,
				A4591B79249F365A00FB8B3A /* SceneDelegate.swift in Sources */,
			);
			runOnlyForDeploymentPostprocessing = 0;
		};
		A4591B85249F365D00FB8B3A /* Sources */ = {
			isa = PBXSourcesBuildPhase;
			buildActionMask = 2147483647;
			files = (
				A4591B8E249F365D00FB8B3A /* MVPEasySampleTests.swift in Sources */,
			);
			runOnlyForDeploymentPostprocessing = 0;
		};
		A4591B90249F365D00FB8B3A /* Sources */ = {
			isa = PBXSourcesBuildPhase;
			buildActionMask = 2147483647;
			files = (
				A4591B99249F365D00FB8B3A /* MVPEasySampleUITests.swift in Sources */,
			);
			runOnlyForDeploymentPostprocessing = 0;
		};
/* End PBXSourcesBuildPhase section */

/* Begin PBXTargetDependency section */
		A4591B8B249F365D00FB8B3A /* PBXTargetDependency */ = {
			isa = PBXTargetDependency;
			target = A4591B72249F365A00FB8B3A /* MVPEasySample */;
			targetProxy = A4591B8A249F365D00FB8B3A /* PBXContainerItemProxy */;
		};
		A4591B96249F365D00FB8B3A /* PBXTargetDependency */ = {
			isa = PBXTargetDependency;
			target = A4591B72249F365A00FB8B3A /* MVPEasySample */;
			targetProxy = A4591B95249F365D00FB8B3A /* PBXContainerItemProxy */;
		};
/* End PBXTargetDependency section */

/* Begin PBXVariantGroup section */
		A4591B7C249F365A00FB8B3A /* Main.storyboard */ = {
			isa = PBXVariantGroup;
			children = (
				A4591B7D249F365A00FB8B3A /* Base */,
			);
			name = Main.storyboard;
			sourceTree = "<group>";
		};
		A4591B81249F365D00FB8B3A /* LaunchScreen.storyboard */ = {
			isa = PBXVariantGroup;
			children = (
				A4591B82249F365D00FB8B3A /* Base */,
			);
			name = LaunchScreen.storyboard;
			sourceTree = "<group>";
		};
/* End PBXVariantGroup section */

/* Begin XCBuildConfiguration section */
		A4591B9B249F365D00FB8B3A /* Debug */ = {
			isa = XCBuildConfiguration;
			buildSettings = {
				ALWAYS_SEARCH_USER_PATHS = NO;
				CLANG_ANALYZER_NONNULL = YES;
				CLANG_ANALYZER_NUMBER_OBJECT_CONVERSION = YES_AGGRESSIVE;
				CLANG_CXX_LANGUAGE_STANDARD = "gnu++14";
				CLANG_CXX_LIBRARY = "libc++";
				CLANG_ENABLE_MODULES = YES;
				CLANG_ENABLE_OBJC_ARC = YES;
				CLANG_ENABLE_OBJC_WEAK = YES;
				CLANG_WARN_BLOCK_CAPTURE_AUTORELEASING = YES;
				CLANG_WARN_BOOL_CONVERSION = YES;
				CLANG_WARN_COMMA = YES;
				CLANG_WARN_CONSTANT_CONVERSION = YES;
				CLANG_WARN_DEPRECATED_OBJC_IMPLEMENTATIONS = YES;
				CLANG_WARN_DIRECT_OBJC_ISA_USAGE = YES_ERROR;
				CLANG_WARN_DOCUMENTATION_COMMENTS = YES;
				CLANG_WARN_EMPTY_BODY = YES;
				CLANG_WARN_ENUM_CONVERSION = YES;
				CLANG_WARN_INFINITE_RECURSION = YES;
				CLANG_WARN_INT_CONVERSION = YES;
				CLANG_WARN_NON_LITERAL_NULL_CONVERSION = YES;
				CLANG_WARN_OBJC_IMPLICIT_RETAIN_SELF = YES;
				CLANG_WARN_OBJC_LITERAL_CONVERSION = YES;
				CLANG_WARN_OBJC_ROOT_CLASS = YES_ERROR;
				CLANG_WARN_RANGE_LOOP_ANALYSIS = YES;
				CLANG_WARN_STRICT_PROTOTYPES = YES;
				CLANG_WARN_SUSPICIOUS_MOVE = YES;
				CLANG_WARN_UNGUARDED_AVAILABILITY = YES_AGGRESSIVE;
				CLANG_WARN_UNREACHABLE_CODE = YES;
				CLANG_WARN__DUPLICATE_METHOD_MATCH = YES;
				COPY_PHASE_STRIP = NO;
				DEBUG_INFORMATION_FORMAT = dwarf;
				ENABLE_STRICT_OBJC_MSGSEND = YES;
				ENABLE_TESTABILITY = YES;
				GCC_C_LANGUAGE_STANDARD = gnu11;
				GCC_DYNAMIC_NO_PIC = NO;
				GCC_NO_COMMON_BLOCKS = YES;
				GCC_OPTIMIZATION_LEVEL = 0;
				GCC_PREPROCESSOR_DEFINITIONS = (
					"DEBUG=1",
					"$(inherited)",
				);
				GCC_WARN_64_TO_32_BIT_CONVERSION = YES;
				GCC_WARN_ABOUT_RETURN_TYPE = YES_ERROR;
				GCC_WARN_UNDECLARED_SELECTOR = YES;
				GCC_WARN_UNINITIALIZED_AUTOS = YES_AGGRESSIVE;
				GCC_WARN_UNUSED_FUNCTION = YES;
				GCC_WARN_UNUSED_VARIABLE = YES;
				IPHONEOS_DEPLOYMENT_TARGET = 13.2;
				MTL_ENABLE_DEBUG_INFO = INCLUDE_SOURCE;
				MTL_FAST_MATH = YES;
				ONLY_ACTIVE_ARCH = YES;
				SDKROOT = iphoneos;
				SWIFT_ACTIVE_COMPILATION_CONDITIONS = DEBUG;
				SWIFT_OPTIMIZATION_LEVEL = "-Onone";
			};
			name = Debug;
		};
		A4591B9C249F365D00FB8B3A /* Release */ = {
			isa = XCBuildConfiguration;
			buildSettings = {
				ALWAYS_SEARCH_USER_PATHS = NO;
				CLANG_ANALYZER_NONNULL = YES;
				CLANG_ANALYZER_NUMBER_OBJECT_CONVERSION = YES_AGGRESSIVE;
				CLANG_CXX_LANGUAGE_STANDARD = "gnu++14";
				CLANG_CXX_LIBRARY = "libc++";
				CLANG_ENABLE_MODULES = YES;
				CLANG_ENABLE_OBJC_ARC = YES;
				CLANG_ENABLE_OBJC_WEAK = YES;
				CLANG_WARN_BLOCK_CAPTURE_AUTORELEASING = YES;
				CLANG_WARN_BOOL_CONVERSION = YES;
				CLANG_WARN_COMMA = YES;
				CLANG_WARN_CONSTANT_CONVERSION = YES;
				CLANG_WARN_DEPRECATED_OBJC_IMPLEMENTATIONS = YES;
				CLANG_WARN_DIRECT_OBJC_ISA_USAGE = YES_ERROR;
				CLANG_WARN_DOCUMENTATION_COMMENTS = YES;
				CLANG_WARN_EMPTY_BODY = YES;
				CLANG_WARN_ENUM_CONVERSION = YES;
				CLANG_WARN_INFINITE_RECURSION = YES;
				CLANG_WARN_INT_CONVERSION = YES;
				CLANG_WARN_NON_LITERAL_NULL_CONVERSION = YES;
				CLANG_WARN_OBJC_IMPLICIT_RETAIN_SELF = YES;
				CLANG_WARN_OBJC_LITERAL_CONVERSION = YES;
				CLANG_WARN_OBJC_ROOT_CLASS = YES_ERROR;
				CLANG_WARN_RANGE_LOOP_ANALYSIS = YES;
				CLANG_WARN_STRICT_PROTOTYPES = YES;
				CLANG_WARN_SUSPICIOUS_MOVE = YES;
				CLANG_WARN_UNGUARDED_AVAILABILITY = YES_AGGRESSIVE;
				CLANG_WARN_UNREACHABLE_CODE = YES;
				CLANG_WARN__DUPLICATE_METHOD_MATCH = YES;
				COPY_PHASE_STRIP = NO;
				DEBUG_INFORMATION_FORMAT = "dwarf-with-dsym";
				ENABLE_NS_ASSERTIONS = NO;
				ENABLE_STRICT_OBJC_MSGSEND = YES;
				GCC_C_LANGUAGE_STANDARD = gnu11;
				GCC_NO_COMMON_BLOCKS = YES;
				GCC_WARN_64_TO_32_BIT_CONVERSION = YES;
				GCC_WARN_ABOUT_RETURN_TYPE = YES_ERROR;
				GCC_WARN_UNDECLARED_SELECTOR = YES;
				GCC_WARN_UNINITIALIZED_AUTOS = YES_AGGRESSIVE;
				GCC_WARN_UNUSED_FUNCTION = YES;
				GCC_WARN_UNUSED_VARIABLE = YES;
				IPHONEOS_DEPLOYMENT_TARGET = 13.2;
				MTL_ENABLE_DEBUG_INFO = NO;
				MTL_FAST_MATH = YES;
				SDKROOT = iphoneos;
				SWIFT_COMPILATION_MODE = wholemodule;
				SWIFT_OPTIMIZATION_LEVEL = "-O";
				VALIDATE_PRODUCT = YES;
			};
			name = Release;
		};
		A4591B9E249F365D00FB8B3A /* Debug */ = {
			isa = XCBuildConfiguration;
			buildSettings = {
				ASSETCATALOG_COMPILER_APPICON_NAME = AppIcon;
				CODE_SIGN_STYLE = Automatic;
				DEVELOPMENT_TEAM = M2M2QU2BF8;
				INFOPLIST_FILE = MVPEasySample/Info.plist;
				LD_RUNPATH_SEARCH_PATHS = (
					"$(inherited)",
					"@executable_path/Frameworks",
				);
				PRODUCT_BUNDLE_IDENTIFIER = com.marei.irie.MVPEasySample;
				PRODUCT_NAME = "$(TARGET_NAME)";
				SWIFT_VERSION = 5.0;
				TARGETED_DEVICE_FAMILY = "1,2";
			};
			name = Debug;
		};
		A4591B9F249F365D00FB8B3A /* Release */ = {
			isa = XCBuildConfiguration;
			buildSettings = {
				ASSETCATALOG_COMPILER_APPICON_NAME = AppIcon;
				CODE_SIGN_STYLE = Automatic;
				DEVELOPMENT_TEAM = M2M2QU2BF8;
				INFOPLIST_FILE = MVPEasySample/Info.plist;
				LD_RUNPATH_SEARCH_PATHS = (
					"$(inherited)",
					"@executable_path/Frameworks",
				);
				PRODUCT_BUNDLE_IDENTIFIER = com.marei.irie.MVPEasySample;
				PRODUCT_NAME = "$(TARGET_NAME)";
				SWIFT_VERSION = 5.0;
				TARGETED_DEVICE_FAMILY = "1,2";
			};
			name = Release;
		};
		A4591BA1249F365D00FB8B3A /* Debug */ = {
			isa = XCBuildConfiguration;
			buildSettings = {
				ALWAYS_EMBED_SWIFT_STANDARD_LIBRARIES = YES;
				BUNDLE_LOADER = "$(TEST_HOST)";
				CODE_SIGN_STYLE = Automatic;
				DEVELOPMENT_TEAM = M2M2QU2BF8;
				INFOPLIST_FILE = MVPEasySampleTests/Info.plist;
				IPHONEOS_DEPLOYMENT_TARGET = 13.2;
				LD_RUNPATH_SEARCH_PATHS = (
					"$(inherited)",
					"@executable_path/Frameworks",
					"@loader_path/Frameworks",
				);
				PRODUCT_BUNDLE_IDENTIFIER = com.marei.irie.MVPEasySampleTests;
				PRODUCT_NAME = "$(TARGET_NAME)";
				SWIFT_VERSION = 5.0;
				TARGETED_DEVICE_FAMILY = "1,2";
				TEST_HOST = "$(BUILT_PRODUCTS_DIR)/MVPEasySample.app/MVPEasySample";
			};
			name = Debug;
		};
		A4591BA2249F365D00FB8B3A /* Release */ = {
			isa = XCBuildConfiguration;
			buildSettings = {
				ALWAYS_EMBED_SWIFT_STANDARD_LIBRARIES = YES;
				BUNDLE_LOADER = "$(TEST_HOST)";
				CODE_SIGN_STYLE = Automatic;
				DEVELOPMENT_TEAM = M2M2QU2BF8;
				INFOPLIST_FILE = MVPEasySampleTests/Info.plist;
				IPHONEOS_DEPLOYMENT_TARGET = 13.2;
				LD_RUNPATH_SEARCH_PATHS = (
					"$(inherited)",
					"@executable_path/Frameworks",
					"@loader_path/Frameworks",
				);
				PRODUCT_BUNDLE_IDENTIFIER = com.marei.irie.MVPEasySampleTests;
				PRODUCT_NAME = "$(TARGET_NAME)";
				SWIFT_VERSION = 5.0;
				TARGETED_DEVICE_FAMILY = "1,2";
				TEST_HOST = "$(BUILT_PRODUCTS_DIR)/MVPEasySample.app/MVPEasySample";
			};
			name = Release;
		};
		A4591BA4249F365D00FB8B3A /* Debug */ = {
			isa = XCBuildConfiguration;
			buildSettings = {
				ALWAYS_EMBED_SWIFT_STANDARD_LIBRARIES = YES;
				CODE_SIGN_STYLE = Automatic;
				DEVELOPMENT_TEAM = M2M2QU2BF8;
				INFOPLIST_FILE = MVPEasySampleUITests/Info.plist;
				LD_RUNPATH_SEARCH_PATHS = (
					"$(inherited)",
					"@executable_path/Frameworks",
					"@loader_path/Frameworks",
				);
				PRODUCT_BUNDLE_IDENTIFIER = com.marei.irie.MVPEasySampleUITests;
				PRODUCT_NAME = "$(TARGET_NAME)";
				SWIFT_VERSION = 5.0;
				TARGETED_DEVICE_FAMILY = "1,2";
				TEST_TARGET_NAME = MVPEasySample;
			};
			name = Debug;
		};
		A4591BA5249F365D00FB8B3A /* Release */ = {
			isa = XCBuildConfiguration;
			buildSettings = {
				ALWAYS_EMBED_SWIFT_STANDARD_LIBRARIES = YES;
				CODE_SIGN_STYLE = Automatic;
				DEVELOPMENT_TEAM = M2M2QU2BF8;
				INFOPLIST_FILE = MVPEasySampleUITests/Info.plist;
				LD_RUNPATH_SEARCH_PATHS = (
					"$(inherited)",
					"@executable_path/Frameworks",
					"@loader_path/Frameworks",
				);
				PRODUCT_BUNDLE_IDENTIFIER = com.marei.irie.MVPEasySampleUITests;
				PRODUCT_NAME = "$(TARGET_NAME)";
				SWIFT_VERSION = 5.0;
				TARGETED_DEVICE_FAMILY = "1,2";
				TEST_TARGET_NAME = MVPEasySample;
			};
			name = Release;
		};
/* End XCBuildConfiguration section */

/* Begin XCConfigurationList section */
		A4591B6E249F365A00FB8B3A /* Build configuration list for PBXProject "MVPEasySample" */ = {
			isa = XCConfigurationList;
			buildConfigurations = (
				A4591B9B249F365D00FB8B3A /* Debug */,
				A4591B9C249F365D00FB8B3A /* Release */,
			);
			defaultConfigurationIsVisible = 0;
			defaultConfigurationName = Release;
		};
		A4591B9D249F365D00FB8B3A /* Build configuration list for PBXNativeTarget "MVPEasySample" */ = {
			isa = XCConfigurationList;
			buildConfigurations = (
				A4591B9E249F365D00FB8B3A /* Debug */,
				A4591B9F249F365D00FB8B3A /* Release */,
			);
			defaultConfigurationIsVisible = 0;
			defaultConfigurationName = Release;
		};
		A4591BA0249F365D00FB8B3A /* Build configuration list for PBXNativeTarget "MVPEasySampleTests" */ = {
			isa = XCConfigurationList;
			buildConfigurations = (
				A4591BA1249F365D00FB8B3A /* Debug */,
				A4591BA2249F365D00FB8B3A /* Release */,
			);
			defaultConfigurationIsVisible = 0;
			defaultConfigurationName = Release;
		};
		A4591BA3249F365D00FB8B3A /* Build configuration list for PBXNativeTarget "MVPEasySampleUITests" */ = {
			isa = XCConfigurationList;
			buildConfigurations = (
				A4591BA4249F365D00FB8B3A /* Debug */,
				A4591BA5249F365D00FB8B3A /* Release */,
			);
			defaultConfigurationIsVisible = 0;
			defaultConfigurationName = Release;
		};
/* End XCConfigurationList section */
	};
	rootObject = A4591B6B249F365A00FB8B3A /* Project object */;
}
